
Microsoft Visual Studio Solution File, Format Version 12.00
# Visual Studio 15
VisualStudioVersion = 15.0.26430.15
MinimumVisualStudioVersion = 10.0.40219.1
Project("{FAE04EC0-301F-11D3-BF4B-00C04F79EFBC}") = "MarkdownAnimator", "MarkdownAnimator\MarkdownAnimator.csproj", "{17FFDA22-C743-4C52-B113-B5B70D496225}"
EndProject
Project("{FAE04EC0-301F-11D3-BF4B-00C04F79EFBC}") = "Miktemk.TextToSpeech", "..\MiktemkCommons\Miktemk.TextToSpeech\Miktemk.TextToSpeech.csproj", "{D07342C6-B946-4E15-876F-12A52E90EF9B}"
EndProject
Project("{FAE04EC0-301F-11D3-BF4B-00C04F79EFBC}") = "ZConsoleTests", "ZConsoleTests\ZConsoleTests.csproj", "{C3AF26CB-0989-4610-AD69-A622BE3945E4}"
EndProject
Project("{FAE04EC0-301F-11D3-BF4B-00C04F79EFBC}") = "Miktemk", "..\MiktemkCommons\Miktemk\Miktemk.csproj", "{DB69C87C-B374-4CD7-B0CF-FAA5541B2DF6}"
EndProject
Project("{FAE04EC0-301F-11D3-BF4B-00C04F79EFBC}") = "MarkdownUtils", "MarkdownUtils\MarkdownUtils.csproj", "{2FE7ABAC-DEEA-4BE0-A82F-1C54FA600FA9}"
EndProject
Project("{FAE04EC0-301F-11D3-BF4B-00C04F79EFBC}") = "Miktemk.ZUnitTests", "..\MiktemkCommons\Miktemk.ZUnitTests\Miktemk.ZUnitTests.csproj", "{62C02157-2D20-466B-AE1A-E95E0528A7C4}"
EndProject
Project("{FAE04EC0-301F-11D3-BF4B-00C04F79EFBC}") = "Miktemk.Wpf", "..\MiktemkCommons\Miktemk.Wpf\Miktemk.Wpf.csproj", "{DA6804E9-85DE-43C1-854E-6ABB3C85D970}"
EndProject
Project("{FAE04EC0-301F-11D3-BF4B-00C04F79EFBC}") = "Miktemk.TextToSpeech.Wpf", "..\MiktemkCommons\Miktemk.TextToSpeech.Wpf\Miktemk.TextToSpeech.Wpf.csproj", "{79FADD53-5510-4BE8-90ED-D050FB474605}"
EndProject
Project("{2150E333-8FDC-42A3-9474-1A3956D46DE8}") = "Commons", "Commons", "{68A2D759-1BE7-407D-B3F7-03C10E90E461}"
EndProject
Project("{FAE04EC0-301F-11D3-BF4B-00C04F79EFBC}") = "MarkdownAnimatorCef", "MarkdownAnimatorCef\MarkdownAnimatorCef.csproj", "{8A5F6991-A173-4178-9BEF-73ECD2C2F85D}"
EndProject
Global
	GlobalSection(SolutionConfigurationPlatforms) = preSolution
		Debug|Any CPU = Debug|Any CPU
		Debug|x64 = Debug|x64
		Release|Any CPU = Release|Any CPU
		Release|x64 = Release|x64
	EndGlobalSection
	GlobalSection(ProjectConfigurationPlatforms) = postSolution
		{17FFDA22-C743-4C52-B113-B5B70D496225}.Debug|Any CPU.ActiveCfg = Debug|Any CPU
		{17FFDA22-C743-4C52-B113-B5B70D496225}.Debug|Any CPU.Build.0 = Debug|Any CPU
		{17FFDA22-C743-4C52-B113-B5B70D496225}.Debug|x64.ActiveCfg = Debug|Any CPU
		{17FFDA22-C743-4C52-B113-B5B70D496225}.Debug|x64.Build.0 = Debug|Any CPU
		{17FFDA22-C743-4C52-B113-B5B70D496225}.Release|Any CPU.ActiveCfg = Release|Any CPU
		{17FFDA22-C743-4C52-B113-B5B70D496225}.Release|Any CPU.Build.0 = Release|Any CPU
		{17FFDA22-C743-4C52-B113-B5B70D496225}.Release|x64.ActiveCfg = Release|Any CPU
		{17FFDA22-C743-4C52-B113-B5B70D496225}.Release|x64.Build.0 = Release|Any CPU
		{D07342C6-B946-4E15-876F-12A52E90EF9B}.Debug|Any CPU.ActiveCfg = Debug|Any CPU
		{D07342C6-B946-4E15-876F-12A52E90EF9B}.Debug|Any CPU.Build.0 = Debug|Any CPU
		{D07342C6-B946-4E15-876F-12A52E90EF9B}.Debug|x64.ActiveCfg = Debug|Any CPU
		{D07342C6-B946-4E15-876F-12A52E90EF9B}.Debug|x64.Build.0 = Debug|Any CPU
		{D07342C6-B946-4E15-876F-12A52E90EF9B}.Release|Any CPU.ActiveCfg = Release|Any CPU
		{D07342C6-B946-4E15-876F-12A52E90EF9B}.Release|Any CPU.Build.0 = Release|Any CPU
		{D07342C6-B946-4E15-876F-12A52E90EF9B}.Release|x64.ActiveCfg = Release|Any CPU
		{D07342C6-B946-4E15-876F-12A52E90EF9B}.Release|x64.Build.0 = Release|Any CPU
		{C3AF26CB-0989-4610-AD69-A622BE3945E4}.Debug|Any CPU.ActiveCfg = Debug|Any CPU
		{C3AF26CB-0989-4610-AD69-A622BE3945E4}.Debug|Any CPU.Build.0 = Debug|Any CPU
		{C3AF26CB-0989-4610-AD69-A622BE3945E4}.Debug|x64.ActiveCfg = Debug|Any CPU
		{C3AF26CB-0989-4610-AD69-A622BE3945E4}.Debug|x64.Build.0 = Debug|Any CPU
		{C3AF26CB-0989-4610-AD69-A622BE3945E4}.Release|Any CPU.ActiveCfg = Release|Any CPU
		{C3AF26CB-0989-4610-AD69-A622BE3945E4}.Release|Any CPU.Build.0 = Release|Any CPU
		{C3AF26CB-0989-4610-AD69-A622BE3945E4}.Release|x64.ActiveCfg = Release|Any CPU
		{C3AF26CB-0989-4610-AD69-A622BE3945E4}.Release|x64.Build.0 = Release|Any CPU
		{DB69C87C-B374-4CD7-B0CF-FAA5541B2DF6}.Debug|Any CPU.ActiveCfg = Debug|Any CPU
		{DB69C87C-B374-4CD7-B0CF-FAA5541B2DF6}.Debug|Any CPU.Build.0 = Debug|Any CPU
		{DB69C87C-B374-4CD7-B0CF-FAA5541B2DF6}.Debug|x64.ActiveCfg = Debug|Any CPU
		{DB69C87C-B374-4CD7-B0CF-FAA5541B2DF6}.Debug|x64.Build.0 = Debug|Any CPU
		{DB69C87C-B374-4CD7-B0CF-FAA5541B2DF6}.Release|Any CPU.ActiveCfg = Release|Any CPU
		{DB69C87C-B374-4CD7-B0CF-FAA5541B2DF6}.Release|Any CPU.Build.0 = Release|Any CPU
		{DB69C87C-B374-4CD7-B0CF-FAA5541B2DF6}.Release|x64.ActiveCfg = Release|Any CPU
		{DB69C87C-B374-4CD7-B0CF-FAA5541B2DF6}.Release|x64.Build.0 = Release|Any CPU
		{2FE7ABAC-DEEA-4BE0-A82F-1C54FA600FA9}.Debug|Any CPU.ActiveCfg = Debug|Any CPU
		{2FE7ABAC-DEEA-4BE0-A82F-1C54FA600FA9}.Debug|Any CPU.Build.0 = Debug|Any CPU
		{2FE7ABAC-DEEA-4BE0-A82F-1C54FA600FA9}.Debug|x64.ActiveCfg = Debug|Any CPU
		{2FE7ABAC-DEEA-4BE0-A82F-1C54FA600FA9}.Debug|x64.Build.0 = Debug|Any CPU
		{2FE7ABAC-DEEA-4BE0-A82F-1C54FA600FA9}.Release|Any CPU.ActiveCfg = Release|Any CPU
		{2FE7ABAC-DEEA-4BE0-A82F-1C54FA600FA9}.Release|Any CPU.Build.0 = Release|Any CPU
		{2FE7ABAC-DEEA-4BE0-A82F-1C54FA600FA9}.Release|x64.ActiveCfg = Release|Any CPU
		{2FE7ABAC-DEEA-4BE0-A82F-1C54FA600FA9}.Release|x64.Build.0 = Release|Any CPU
		{62C02157-2D20-466B-AE1A-E95E0528A7C4}.Debug|Any CPU.ActiveCfg = Debug|Any CPU
		{62C02157-2D20-466B-AE1A-E95E0528A7C4}.Debug|Any CPU.Build.0 = Debug|Any CPU
		{62C02157-2D20-466B-AE1A-E95E0528A7C4}.Debug|x64.ActiveCfg = Debug|Any CPU
		{62C02157-2D20-466B-AE1A-E95E0528A7C4}.Debug|x64.Build.0 = Debug|Any CPU
		{62C02157-2D20-466B-AE1A-E95E0528A7C4}.Release|Any CPU.ActiveCfg = Release|Any CPU
		{62C02157-2D20-466B-AE1A-E95E0528A7C4}.Release|Any CPU.Build.0 = Release|Any CPU
		{62C02157-2D20-466B-AE1A-E95E0528A7C4}.Release|x64.ActiveCfg = Release|Any CPU
		{62C02157-2D20-466B-AE1A-E95E0528A7C4}.Release|x64.Build.0 = Release|Any CPU
		{DA6804E9-85DE-43C1-854E-6ABB3C85D970}.Debug|Any CPU.ActiveCfg = Debug|Any CPU
		{DA6804E9-85DE-43C1-854E-6ABB3C85D970}.Debug|Any CPU.Build.0 = Debug|Any CPU
		{DA6804E9-85DE-43C1-854E-6ABB3C85D970}.Debug|x64.ActiveCfg = Debug|Any CPU
		{DA6804E9-85DE-43C1-854E-6ABB3C85D970}.Debug|x64.Build.0 = Debug|Any CPU
		{DA6804E9-85DE-43C1-854E-6ABB3C85D970}.Release|Any CPU.ActiveCfg = Release|Any CPU
		{DA6804E9-85DE-43C1-854E-6ABB3C85D970}.Release|Any CPU.Build.0 = Release|Any CPU
		{DA6804E9-85DE-43C1-854E-6ABB3C85D970}.Release|x64.ActiveCfg = Release|Any CPU
		{DA6804E9-85DE-43C1-854E-6ABB3C85D970}.Release|x64.Build.0 = Release|Any CPU
		{79FADD53-5510-4BE8-90ED-D050FB474605}.Debug|Any CPU.ActiveCfg = Debug|Any CPU
		{79FADD53-5510-4BE8-90ED-D050FB474605}.Debug|Any CPU.Build.0 = Debug|Any CPU
		{79FADD53-5510-4BE8-90ED-D050FB474605}.Debug|x64.ActiveCfg = Debug|Any CPU
		{79FADD53-5510-4BE8-90ED-D050FB474605}.Debug|x64.Build.0 = Debug|Any CPU
		{79FADD53-5510-4BE8-90ED-D050FB474605}.Release|Any CPU.ActiveCfg = Release|Any CPU
		{79FADD53-5510-4BE8-90ED-D050FB474605}.Release|Any CPU.Build.0 = Release|Any CPU
		{79FADD53-5510-4BE8-90ED-D050FB474605}.Release|x64.ActiveCfg = Release|Any CPU
		{79FADD53-5510-4BE8-90ED-D050FB474605}.Release|x64.Build.0 = Release|Any CPU
		{8A5F6991-A173-4178-9BEF-73ECD2C2F85D}.Debug|Any CPU.ActiveCfg = Debug|Any CPU
		{8A5F6991-A173-4178-9BEF-73ECD2C2F85D}.Debug|Any CPU.Build.0 = Debug|Any CPU
		{8A5F6991-A173-4178-9BEF-73ECD2C2F85D}.Debug|x64.ActiveCfg = Debug|x64
		{8A5F6991-A173-4178-9BEF-73ECD2C2F85D}.Debug|x64.Build.0 = Debug|x64
		{8A5F6991-A173-4178-9BEF-73ECD2C2F85D}.Release|Any CPU.ActiveCfg = Release|Any CPU
		{8A5F6991-A173-4178-9BEF-73ECD2C2F85D}.Release|Any CPU.Build.0 = Release|Any CPU
		{8A5F6991-A173-4178-9BEF-73ECD2C2F85D}.Release|x64.ActiveCfg = Release|x64
		{8A5F6991-A173-4178-9BEF-73ECD2C2F85D}.Release|x64.Build.0 = Release|x64
	EndGlobalSection
	GlobalSection(SolutionProperties) = preSolution
		HideSolutionNode = FALSE
	EndGlobalSection
	GlobalSection(NestedProjects) = preSolution
		{D07342C6-B946-4E15-876F-12A52E90EF9B} = {68A2D759-1BE7-407D-B3F7-03C10E90E461}
		{DB69C87C-B374-4CD7-B0CF-FAA5541B2DF6} = {68A2D759-1BE7-407D-B3F7-03C10E90E461}
		{62C02157-2D20-466B-AE1A-E95E0528A7C4} = {68A2D759-1BE7-407D-B3F7-03C10E90E461}
		{DA6804E9-85DE-43C1-854E-6ABB3C85D970} = {68A2D759-1BE7-407D-B3F7-03C10E90E461}
		{79FADD53-5510-4BE8-90ED-D050FB474605} = {68A2D759-1BE7-407D-B3F7-03C10E90E461}
	EndGlobalSection
EndGlobal
